<?xml version="1.0" encoding="utf-8"?>
<Project ToolsVersion="4.0" xmlns="http://schemas.microsoft.com/developer/msbuild/2003">
  <ItemGroup>
    <Filter Include="Source Files">
      <UniqueIdentifier>{4FC737F1-C7A5-4376-A066-2A32D752A2FF}</UniqueIdentifier>
      <Extensions>cpp;c;cc;cxx;def;odl;idl;hpj;bat;asm;asmx</Extensions>
    </Filter>
    <Filter Include="Header Files">
      <UniqueIdentifier>{93995380-89BD-4b04-88EB-625FBE52EBFB}</UniqueIdentifier>
      <Extensions>h;hh;hpp;hxx;hm;inl;inc;ipp;xsd</Extensions>
    </Filter>
    <Filter Include="Resource Files">
      <UniqueIdentifier>{67DA6AB6-F800-4c08-8B7A-83BB121AAD01}</UniqueIdentifier>
      <Extensions>rc;ico;cur;bmp;dlg;rc2;rct;bin;rgs;gif;jpg;jpeg;jpe;resx;tiff;tif;png;wav;mfcribbon-ms</Extensions>
    </Filter>
    <Filter Include="MainSource">
      <UniqueIdentifier>{9da18cd1-3fc2-4d74-8657-3ae1dcd7e747}</UniqueIdentifier>
    </Filter>
    <Filter Include="TinyXML">
      <UniqueIdentifier>{c5174c53-73f3-4e02-aa52-0c72ccd0b1c8}</UniqueIdentifier>
    </Filter>
    <Filter Include="Commons">
      <UniqueIdentifier>{325e4012-0960-4d73-9307-6b091b764ba8}</UniqueIdentifier>
    </Filter>
    <Filter Include="Graphics">
      <UniqueIdentifier>{36857db6-cace-4b26-a31c-9ce91a9d6feb}</UniqueIdentifier>
    </Filter>
    <Filter Include="AI Agents">
      <UniqueIdentifier>{497f4e23-3ce0-49a3-b8a2-59bbac7977c8}</UniqueIdentifier>
    </Filter>
    <Filter Include="UI">
      <UniqueIdentifier>{e19f0c22-dea6-498f-bbd7-1716be9eb001}</UniqueIdentifier>
    </Filter>
    <Filter Include="Items">
      <UniqueIdentifier>{0c1522c1-4245-48e5-bf54-ecbd6286f2c5}</UniqueIdentifier>
    </Filter>
  </ItemGroup>
  <ItemGroup>
    <ClInclude Include="SourceWindowForm.h">
      <Filter>Header Files</Filter>
    </ClInclude>
    <ClInclude Include="TinyXML\tinyxml.h">
      <Filter>TinyXML</Filter>
    </ClInclude>
    <ClInclude Include="TinyXML\tinystr.h">
      <Filter>TinyXML</Filter>
    </ClInclude>
    <ClInclude Include="Source.h">
      <Filter>MainSource</Filter>
    </ClInclude>
    <ClInclude Include="Commons.h">
      <Filter>Commons</Filter>
    </ClInclude>
    <ClInclude Include="InputHandler.h">
      <Filter>Commons</Filter>
    </ClInclude>
    <ClInclude Include="Map.h">
      <Filter>Graphics</Filter>
    </ClInclude>
    <ClInclude Include="Tile.h">
      <Filter>Graphics</Filter>
    </ClInclude>
    <ClInclude Include="XMLHandler.h">
      <Filter>Commons</Filter>
    </ClInclude>
    <ClInclude Include="Texture2D.h">
      <Filter>Commons</Filter>
    </ClInclude>
    <ClInclude Include="BaseAgent.h">
      <Filter>AI Agents</Filter>
    </ClInclude>
    <ClInclude Include="StatWindow.h">
      <Filter>UI</Filter>
    </ClInclude>
    <ClInclude Include="Messaging.h">
      <Filter>UI</Filter>
    </ClInclude>
    <ClInclude Include="Plant.h">
      <Filter>Items</Filter>
    </ClInclude>
    <ClInclude Include="PlantManager.h">
      <Filter>Items</Filter>
    </ClInclude>
    <ClInclude Include="AgentManager.h">
      <Filter>AI Agents</Filter>
    </ClInclude>
    <ClInclude Include="HerbivoreAgent.h">
      <Filter>AI Agents</Filter>
    </ClInclude>
    <ClInclude Include="CarnivoreAgent.h">
      <Filter>AI Agents</Filter>
    </ClInclude>
  </ItemGroup>
  <ItemGroup>
    <ClCompile Include="SourceWindowForm.cpp">
      <Filter>Header Files</Filter>
    </ClCompile>
    <ClCompile Include="TinyXML\tinystr.cpp">
      <Filter>TinyXML</Filter>
    </ClCompile>
    <ClCompile Include="TinyXML\tinyxml.cpp">
      <Filter>TinyXML</Filter>
    </ClCompile>
    <ClCompile Include="TinyXML\tinyxmlerror.cpp">
      <Filter>TinyXML</Filter>
    </ClCompile>
    <ClCompile Include="TinyXML\tinyxmlparser.cpp">
      <Filter>TinyXML</Filter>
    </ClCompile>
    <ClCompile Include="Source.cpp">
      <Filter>MainSource</Filter>
    </ClCompile>
    <ClCompile Include="InputHandler.cpp">
      <Filter>Commons</Filter>
    </ClCompile>
    <ClCompile Include="Map.cpp">
      <Filter>Graphics</Filter>
    </ClCompile>
    <ClCompile Include="Tile.cpp">
      <Filter>Graphics</Filter>
    </ClCompile>
    <ClCompile Include="XMLHandler.cpp">
      <Filter>Commons</Filter>
    </ClCompile>
    <ClCompile Include="Texture2D.cpp">
      <Filter>Commons</Filter>
    </ClCompile>
    <ClCompile Include="BaseAgent.cpp">
      <Filter>AI Agents</Filter>
    </ClCompile>
    <ClCompile Include="StatWindow.cpp">
      <Filter>UI</Filter>
    </ClCompile>
    <ClCompile Include="Messaging.cpp">
      <Filter>UI</Filter>
    </ClCompile>
    <ClCompile Include="Plant.cpp">
      <Filter>Items</Filter>
    </ClCompile>
    <ClCompile Include="PlantManager.cpp">
      <Filter>Items</Filter>
    </ClCompile>
    <ClCompile Include="AgentManager.cpp">
      <Filter>AI Agents</Filter>
    </ClCompile>
    <ClCompile Include="HerbivoreAgent.cpp">
      <Filter>AI Agents</Filter>
    </ClCompile>
    <ClCompile Include="CarnivoreAgent.cpp">
      <Filter>AI Agents</Filter>
    </ClCompile>
  </ItemGroup>
  <ItemGroup>
    <EmbeddedResource Include="SourceWindowForm.resx">
      <Filter>Resource Files</Filter>
    </EmbeddedResource>
  </ItemGroup>
  <ItemGroup>
    <Xml Include="Map1.xml">
      <Filter>Graphics</Filter>
    </Xml>
  </ItemGroup>
</Project>